Microsoft Visual Studio Solution File, Format Version 12.00
# Visual Studio Version 17
VisualStudioVersion = 17.5.2.0
MinimumVisualStudioVersion = 10.0.40219.1
Project("{2150E333-8FDC-42A3-9474-1A3956D46DE8}") = "dotnet", "dotnet", "{71E6E750-85FD-B5BC-4321-E01377EC6231}"
EndProject
Project("{FAE04EC0-301F-11D3-BF4B-00C04F79EFBC}") = "BlobMcpServer", "dotnet\BlobMcpServer\BlobMcpServer.csproj", "{AADC4D03-81C3-AC25-6589-6E3D3160DB7C}"
EndProject
Project("{FAE04EC0-301F-11D3-BF4B-00C04F79EFBC}") = "CosmosMcpServer", "dotnet\CosmosMcpServer\CosmosMcpServer.csproj", "{4EB53B70-ADB3-8DFA-90C6-11D4FCCD993E}"
EndProject
Project("{FAE04EC0-301F-11D3-BF4B-00C04F79EFBC}") = "SqlMcpServer", "dotnet\SqlMcpServer\SqlMcpServer.csproj", "{CA63B6A7-B50B-F3D0-4CC7-D925523031AD}"
EndProject
Global
	GlobalSection(SolutionConfigurationPlatforms) = preSolution
		Debug|Any CPU = Debug|Any CPU
		Release|Any CPU = Release|Any CPU
	EndGlobalSection
	GlobalSection(ProjectConfigurationPlatforms) = postSolution
		{AADC4D03-81C3-AC25-6589-6E3D3160DB7C}.Debug|Any CPU.ActiveCfg = Debug|Any CPU
		{AADC4D03-81C3-AC25-6589-6E3D3160DB7C}.Debug|Any CPU.Build.0 = Debug|Any CPU
		{AADC4D03-81C3-AC25-6589-6E3D3160DB7C}.Release|Any CPU.ActiveCfg = Release|Any CPU
		{AADC4D03-81C3-AC25-6589-6E3D3160DB7C}.Release|Any CPU.Build.0 = Release|Any CPU
		{4EB53B70-ADB3-8DFA-90C6-11D4FCCD993E}.Debug|Any CPU.ActiveCfg = Debug|Any CPU
		{4EB53B70-ADB3-8DFA-90C6-11D4FCCD993E}.Debug|Any CPU.Build.0 = Debug|Any CPU
		{4EB53B70-ADB3-8DFA-90C6-11D4FCCD993E}.Release|Any CPU.ActiveCfg = Release|Any CPU
		{4EB53B70-ADB3-8DFA-90C6-11D4FCCD993E}.Release|Any CPU.Build.0 = Release|Any CPU
		{CA63B6A7-B50B-F3D0-4CC7-D925523031AD}.Debug|Any CPU.ActiveCfg = Debug|Any CPU
		{CA63B6A7-B50B-F3D0-4CC7-D925523031AD}.Debug|Any CPU.Build.0 = Debug|Any CPU
		{CA63B6A7-B50B-F3D0-4CC7-D925523031AD}.Release|Any CPU.ActiveCfg = Release|Any CPU
		{CA63B6A7-B50B-F3D0-4CC7-D925523031AD}.Release|Any CPU.Build.0 = Release|Any CPU
	EndGlobalSection
	GlobalSection(SolutionProperties) = preSolution
		HideSolutionNode = FALSE
	EndGlobalSection
	GlobalSection(NestedProjects) = preSolution
		{AADC4D03-81C3-AC25-6589-6E3D3160DB7C} = {71E6E750-85FD-B5BC-4321-E01377EC6231}
		{4EB53B70-ADB3-8DFA-90C6-11D4FCCD993E} = {71E6E750-85FD-B5BC-4321-E01377EC6231}
		{CA63B6A7-B50B-F3D0-4CC7-D925523031AD} = {71E6E750-85FD-B5BC-4321-E01377EC6231}
	EndGlobalSection
	GlobalSection(ExtensibilityGlobals) = postSolution
		SolutionGuid = {09F792F9-DE31-41D1-8535-00B0D5DA9367}
	EndGlobalSection
EndGlobal
